
Microsoft Visual Studio Solution File, Format Version 12.00
# Visual Studio Version 16
VisualStudioVersion = 16.0.31515.178
MinimumVisualStudioVersion = 10.0.40219.1
Project("{F184B08F-C81C-45F6-A57F-5ABD9991F28F}") = "EQUIP_V1", "EQUIP_V1\EQUIP_V1.vbproj", "{5441416B-530A-48D2-9472-E25A475B7F36}"
EndProject
Global
	GlobalSection(SolutionConfigurationPlatforms) = preSolution
		Debug|Any CPU = Debug|Any CPU
		Release|Any CPU = Release|Any CPU
	EndGlobalSection
	GlobalSection(ProjectConfigurationPlatforms) = postSolution
		{5441416B-530A-48D2-9472-E25A475B7F36}.Debug|Any CPU.ActiveCfg = Debug|Any CPU
		{5441416B-530A-48D2-9472-E25A475B7F36}.Debug|Any CPU.Build.0 = Debug|Any CPU
		{5441416B-530A-48D2-9472-E25A475B7F36}.Release|Any CPU.ActiveCfg = Release|Any CPU
		{5441416B-530A-48D2-9472-E25A475B7F36}.Release|Any CPU.Build.0 = Release|Any CPU
	EndGlobalSection
	GlobalSection(SolutionProperties) = preSolution
		HideSolutionNode = FALSE
	EndGlobalSection
	GlobalSection(ExtensibilityGlobals) = postSolution
		SolutionGuid = {01BD5B25-98B6-4094-AE1E-93F714E80A2D}
	EndGlobalSection
EndGlobal
